PODS:
  - Alamofire (5.6.1)
  - Charts (4.0.3):
    - Charts/Core (= 4.0.3)
  - Charts/Core (4.0.3):
    - SwiftAlgorithms (~> 1.0)
  - SwiftAlgorithms (1.0.0)

DEPENDENCIES:
  - Alamofire
  - Charts

SPEC REPOS:
  trunk:
    - Alamofire
    - Charts
    - SwiftAlgorithms

SPEC CHECKSUMS:
  Alamofire: 87bd8c952f9a4454320fce00d9cc3de57bcadaf5
  Charts: d959d6723c8eedfdd0735dfc28cb0a71762ac4d9
  SwiftAlgorithms: 38dda4731d19027fdeee1125f973111bf3386b53

PODFILE CHECKSUM: 044db2853303253b966dd6909e61632f240e6c71

COCOAPODS: 1.11.3
