// !$*UTF8*$!
{
	archiveVersion = 1;
	classes = {
	};
	objectVersion = 55;
	objects = {

/* Begin PBXBuildFile section */
		0A7B40222869E1DF00EB49F4 /* AppDelegate.swift in Sources */ = {isa = PBXBuildFile; fileRef = 0A7B40212869E1DF00EB49F4 /* AppDelegate.swift */; };
		0A7B40242869E1DF00EB49F4 /* SceneDelegate.swift in Sources */ = {isa = PBXBuildFile; fileRef = 0A7B40232869E1DF00EB49F4 /* SceneDelegate.swift */; };
		0A7B40262869E1DF00EB49F4 /* ViewController.swift in Sources */ = {isa = PBXBuildFile; fileRef = 0A7B40252869E1DF00EB49F4 /* ViewController.swift */; };
		0A7B40292869E1DF00EB49F4 /* Main.storyboard in Resources */ = {isa = PBXBuildFile; fileRef = 0A7B40272869E1DF00EB49F4 /* Main.storyboard */; };
		0A7B402B2869E1E000EB49F4 /* Assets.xcassets in Resources */ = {isa = PBXBuildFile; fileRef = 0A7B402A2869E1E000EB49F4 /* Assets.xcassets */; };
		0A7B402E2869E1E000EB49F4 /* LaunchScreen.storyboard in Resources */ = {isa = PBXBuildFile; fileRef = 0A7B402C2869E1E000EB49F4 /* LaunchScreen.storyboard */; };
		0A7B40392869E1E000EB49F4 /* WeatherAppToyTests.swift in Sources */ = {isa = PBXBuildFile; fileRef = 0A7B40382869E1E000EB49F4 /* WeatherAppToyTests.swift */; };
		0A7B40432869E1E000EB49F4 /* WeatherAppToyUITests.swift in Sources */ = {isa = PBXBuildFile; fileRef = 0A7B40422869E1E000EB49F4 /* WeatherAppToyUITests.swift */; };
		0A7B40452869E1E000EB49F4 /* WeatherAppToyUITestsLaunchTests.swift in Sources */ = {isa = PBXBuildFile; fileRef = 0A7B40442869E1E000EB49F4 /* WeatherAppToyUITestsLaunchTests.swift */; };
		0A7B40522869E20200EB49F4 /* APIRequest.swift in Sources */ = {isa = PBXBuildFile; fileRef = 0A7B40512869E20200EB49F4 /* APIRequest.swift */; };
		0A7B40552869E27100EB49F4 /* Alamofire in Frameworks */ = {isa = PBXBuildFile; productRef = 0A7B40542869E27100EB49F4 /* Alamofire */; };
		0A8DB9BB286DD3630069197F /* APIResponse.swift in Sources */ = {isa = PBXBuildFile; fileRef = 0A8DB9BA286DD3630069197F /* APIResponse.swift */; };
		0ADD6BAA286AB47E00050C99 /* RegionalDataModel.swift in Sources */ = {isa = PBXBuildFile; fileRef = 0ADD6BA9286AB47E00050C99 /* RegionalDataModel.swift */; };
		0ADD6BAC286BDA5D00050C99 /* RegionalData.csv in Resources */ = {isa = PBXBuildFile; fileRef = 0ADD6BAB286BDA5D00050C99 /* RegionalData.csv */; };
		0ADD6BAE286C0C4800050C99 /* ShortTermForecastModel.swift in Sources */ = {isa = PBXBuildFile; fileRef = 0ADD6BAD286C0C4800050C99 /* ShortTermForecastModel.swift */; };
		0ADE791A287430DB007C6D20 /* Extension.swift in Sources */ = {isa = PBXBuildFile; fileRef = 0ADE7919287430DB007C6D20 /* Extension.swift */; };
/* End PBXBuildFile section */

/* Begin PBXContainerItemProxy section */
		0A7B40352869E1E000EB49F4 /* PBXContainerItemProxy */ = {
			isa = PBXContainerItemProxy;
			containerPortal = 0A7B40162869E1DF00EB49F4 /* Project object */;
			proxyType = 1;
			remoteGlobalIDString = 0A7B401D2869E1DF00EB49F4;
			remoteInfo = WeatherAppToy;
		};
		0A7B403F2869E1E000EB49F4 /* PBXContainerItemProxy */ = {
			isa = PBXContainerItemProxy;
			containerPortal = 0A7B40162869E1DF00EB49F4 /* Project object */;
			proxyType = 1;
			remoteGlobalIDString = 0A7B401D2869E1DF00EB49F4;
			remoteInfo = WeatherAppToy;
		};
/* End PBXContainerItemProxy section */

/* Begin PBXFileReference section */
		0A7B401E2869E1DF00EB49F4 /* WeatherAppToy.app */ = {isa = PBXFileReference; explicitFileType = wrapper.application; includeInIndex = 0; path = WeatherAppToy.app; sourceTree = BUILT_PRODUCTS_DIR; };
		0A7B40212869E1DF00EB49F4 /* AppDelegate.swift */ = {isa = PBXFileReference; lastKnownFileType = sourcecode.swift; path = AppDelegate.swift; sourceTree = "<group>"; };
		0A7B40232869E1DF00EB49F4 /* SceneDelegate.swift */ = {isa = PBXFileReference; lastKnownFileType = sourcecode.swift; path = SceneDelegate.swift; sourceTree = "<group>"; };
		0A7B40252869E1DF00EB49F4 /* ViewController.swift */ = {isa = PBXFileReference; lastKnownFileType = sourcecode.swift; path = ViewController.swift; sourceTree = "<group>"; };
		0A7B40282869E1DF00EB49F4 /* Base */ = {isa = PBXFileReference; lastKnownFileType = file.storyboard; name = Base; path = Base.lproj/Main.storyboard; sourceTree = "<group>"; };
		0A7B402A2869E1E000EB49F4 /* Assets.xcassets */ = {isa = PBXFileReference; lastKnownFileType = folder.assetcatalog; path = Assets.xcassets; sourceTree = "<group>"; };
		0A7B402D2869E1E000EB49F4 /* Base */ = {isa = PBXFileReference; lastKnownFileType = file.storyboard; name = Base; path = Base.lproj/LaunchScreen.storyboard; sourceTree = "<group>"; };
		0A7B402F2869E1E000EB49F4 /* Info.plist */ = {isa = PBXFileReference; lastKnownFileType = text.plist.xml; path = Info.plist; sourceTree = "<group>"; };
		0A7B40342869E1E000EB49F4 /* WeatherAppToyTests.xctest */ = {isa = PBXFileReference; explicitFileType = wrapper.cfbundle; includeInIndex = 0; path = WeatherAppToyTests.xctest; sourceTree = BUILT_PRODUCTS_DIR; };
		0A7B40382869E1E000EB49F4 /* WeatherAppToyTests.swift */ = {isa = PBXFileReference; lastKnownFileType = sourcecode.swift; path = WeatherAppToyTests.swift; sourceTree = "<group>"; };
		0A7B403E2869E1E000EB49F4 /* WeatherAppToyUITests.xctest */ = {isa = PBXFileReference; explicitFileType = wrapper.cfbundle; includeInIndex = 0; path = WeatherAppToyUITests.xctest; sourceTree = BUILT_PRODUCTS_DIR; };
		0A7B40422869E1E000EB49F4 /* WeatherAppToyUITests.swift */ = {isa = PBXFileReference; lastKnownFileType = sourcecode.swift; path = WeatherAppToyUITests.swift; sourceTree = "<group>"; };
		0A7B40442869E1E000EB49F4 /* WeatherAppToyUITestsLaunchTests.swift */ = {isa = PBXFileReference; lastKnownFileType = sourcecode.swift; path = WeatherAppToyUITestsLaunchTests.swift; sourceTree = "<group>"; };
		0A7B40512869E20200EB49F4 /* APIRequest.swift */ = {isa = PBXFileReference; lastKnownFileType = sourcecode.swift; path = APIRequest.swift; sourceTree = "<group>"; };
		0A8DB9BA286DD3630069197F /* APIResponse.swift */ = {isa = PBXFileReference; lastKnownFileType = sourcecode.swift; path = APIResponse.swift; sourceTree = "<group>"; };
		0ADD6BA9286AB47E00050C99 /* RegionalDataModel.swift */ = {isa = PBXFileReference; lastKnownFileType = sourcecode.swift; path = RegionalDataModel.swift; sourceTree = "<group>"; };
		0ADD6BAB286BDA5D00050C99 /* RegionalData.csv */ = {isa = PBXFileReference; fileEncoding = 4; lastKnownFileType = text; path = RegionalData.csv; sourceTree = "<group>"; };
		0ADD6BAD286C0C4800050C99 /* ShortTermForecastModel.swift */ = {isa = PBXFileReference; lastKnownFileType = sourcecode.swift; path = ShortTermForecastModel.swift; sourceTree = "<group>"; };
		0ADE7919287430DB007C6D20 /* Extension.swift */ = {isa = PBXFileReference; lastKnownFileType = sourcecode.swift; path = Extension.swift; sourceTree = "<group>"; };
/* End PBXFileReference section */

/* Begin PBXFrameworksBuildPhase section */
		0A7B401B2869E1DF00EB49F4 /* Frameworks */ = {
			isa = PBXFrameworksBuildPhase;
			buildActionMask = 2147483647;
			files = (
				0A7B40552869E27100EB49F4 /* Alamofire in Frameworks */,
			);
			runOnlyForDeploymentPostprocessing = 0;
		};
		0A7B40312869E1E000EB49F4 /* Frameworks */ = {
			isa = PBXFrameworksBuildPhase;
			buildActionMask = 2147483647;
			files = (
			);
			runOnlyForDeploymentPostprocessing = 0;
		};
		0A7B403B2869E1E000EB49F4 /* Frameworks */ = {
			isa = PBXFrameworksBuildPhase;
			buildActionMask = 2147483647;
			files = (
			);
			runOnlyForDeploymentPostprocessing = 0;
		};
/* End PBXFrameworksBuildPhase section */

/* Begin PBXGroup section */
		0A7B40152869E1DF00EB49F4 = {
			isa = PBXGroup;
			children = (
				0A7B40202869E1DF00EB49F4 /* WeatherAppToy */,
				0A7B40372869E1E000EB49F4 /* WeatherAppToyTests */,
				0A7B40412869E1E000EB49F4 /* WeatherAppToyUITests */,
				0A7B401F2869E1DF00EB49F4 /* Products */,
			);
			sourceTree = "<group>";
		};
		0A7B401F2869E1DF00EB49F4 /* Products */ = {
			isa = PBXGroup;
			children = (
				0A7B401E2869E1DF00EB49F4 /* WeatherAppToy.app */,
				0A7B40342869E1E000EB49F4 /* WeatherAppToyTests.xctest */,
				0A7B403E2869E1E000EB49F4 /* WeatherAppToyUITests.xctest */,
			);
			name = Products;
			sourceTree = "<group>";
		};
		0A7B40202869E1DF00EB49F4 /* WeatherAppToy */ = {
			isa = PBXGroup;
			children = (
				0A7B40212869E1DF00EB49F4 /* AppDelegate.swift */,
				0A7B40232869E1DF00EB49F4 /* SceneDelegate.swift */,
				0A7B40252869E1DF00EB49F4 /* ViewController.swift */,
				0A7B40272869E1DF00EB49F4 /* Main.storyboard */,
				0A7B402A2869E1E000EB49F4 /* Assets.xcassets */,
				0A7B402C2869E1E000EB49F4 /* LaunchScreen.storyboard */,
				0A7B402F2869E1E000EB49F4 /* Info.plist */,
				0A7B40512869E20200EB49F4 /* APIRequest.swift */,
				0A8DB9BA286DD3630069197F /* APIResponse.swift */,
				0ADD6BA9286AB47E00050C99 /* RegionalDataModel.swift */,
				0ADD6BAD286C0C4800050C99 /* ShortTermForecastModel.swift */,
				0ADD6BAB286BDA5D00050C99 /* RegionalData.csv */,
				0ADE7919287430DB007C6D20 /* Extension.swift */,
			);
			path = WeatherAppToy;
			sourceTree = "<group>";
		};
		0A7B40372869E1E000EB49F4 /* WeatherAppToyTests */ = {
			isa = PBXGroup;
			children = (
				0A7B40382869E1E000EB49F4 /* WeatherAppToyTests.swift */,
			);
			path = WeatherAppToyTests;
			sourceTree = "<group>";
		};
		0A7B40412869E1E000EB49F4 /* WeatherAppToyUITests */ = {
			isa = PBXGroup;
			children = (
				0A7B40422869E1E000EB49F4 /* WeatherAppToyUITests.swift */,
				0A7B40442869E1E000EB49F4 /* WeatherAppToyUITestsLaunchTests.swift */,
			);
			path = WeatherAppToyUITests;
			sourceTree = "<group>";
		};
/* End PBXGroup section */

/* Begin PBXNativeTarget section */
		0A7B401D2869E1DF00EB49F4 /* WeatherAppToy */ = {
			isa = PBXNativeTarget;
			buildConfigurationList = 0A7B40482869E1E000EB49F4 /* Build configuration list for PBXNativeTarget "WeatherAppToy" */;
			buildPhases = (
				0A7B401A2869E1DF00EB49F4 /* Sources */,
				0A7B401B2869E1DF00EB49F4 /* Frameworks */,
				0A7B401C2869E1DF00EB49F4 /* Resources */,
			);
			buildRules = (
			);
			dependencies = (
			);
			name = WeatherAppToy;
			packageProductDependencies = (
				0A7B40542869E27100EB49F4 /* Alamofire */,
			);
			productName = WeatherAppToy;
			productReference = 0A7B401E2869E1DF00EB49F4 /* WeatherAppToy.app */;
			productType = "com.apple.product-type.application";
		};
		0A7B40332869E1E000EB49F4 /* WeatherAppToyTests */ = {
			isa = PBXNativeTarget;
			buildConfigurationList = 0A7B404B2869E1E000EB49F4 /* Build configuration list for PBXNativeTarget "WeatherAppToyTests" */;
			buildPhases = (
				0A7B40302869E1E000EB49F4 /* Sources */,
				0A7B40312869E1E000EB49F4 /* Frameworks */,
				0A7B40322869E1E000EB49F4 /* Resources */,
			);
			buildRules = (
			);
			dependencies = (
				0A7B40362869E1E000EB49F4 /* PBXTargetDependency */,
			);
			name = WeatherAppToyTests;
			productName = WeatherAppToyTests;
			productReference = 0A7B40342869E1E000EB49F4 /* WeatherAppToyTests.xctest */;
			productType = "com.apple.product-type.bundle.unit-test";
		};
		0A7B403D2869E1E000EB49F4 /* WeatherAppToyUITests */ = {
			isa = PBXNativeTarget;
			buildConfigurationList = 0A7B404E2869E1E000EB49F4 /* Build configuration list for PBXNativeTarget "WeatherAppToyUITests" */;
			buildPhases = (
				0A7B403A2869E1E000EB49F4 /* Sources */,
				0A7B403B2869E1E000EB49F4 /* Frameworks */,
				0A7B403C2869E1E000EB49F4 /* Resources */,
			);
			buildRules = (
			);
			dependencies = (
				0A7B40402869E1E000EB49F4 /* PBXTargetDependency */,
			);
			name = WeatherAppToyUITests;
			productName = WeatherAppToyUITests;
			productReference = 0A7B403E2869E1E000EB49F4 /* WeatherAppToyUITests.xctest */;
			productType = "com.apple.product-type.bundle.ui-testing";
		};
/* End PBXNativeTarget section */

/* Begin PBXProject section */
		0A7B40162869E1DF00EB49F4 /* Project object */ = {
			isa = PBXProject;
			attributes = {
				BuildIndependentTargetsInParallel = 1;
				LastSwiftUpdateCheck = 1340;
				LastUpgradeCheck = 1340;
				TargetAttributes = {
					0A7B401D2869E1DF00EB49F4 = {
						CreatedOnToolsVersion = 13.4.1;
					};
					0A7B40332869E1E000EB49F4 = {
						CreatedOnToolsVersion = 13.4.1;
						TestTargetID = 0A7B401D2869E1DF00EB49F4;
					};
					0A7B403D2869E1E000EB49F4 = {
						CreatedOnToolsVersion = 13.4.1;
						TestTargetID = 0A7B401D2869E1DF00EB49F4;
					};
				};
			};
			buildConfigurationList = 0A7B40192869E1DF00EB49F4 /* Build configuration list for PBXProject "WeatherAppToy" */;
			compatibilityVersion = "Xcode 13.0";
			developmentRegion = en;
			hasScannedForEncodings = 0;
			knownRegions = (
				en,
				Base,
			);
			mainGroup = 0A7B40152869E1DF00EB49F4;
			packageReferences = (
				0A7B40532869E27100EB49F4 /* XCRemoteSwiftPackageReference "Alamofire" */,
			);
			productRefGroup = 0A7B401F2869E1DF00EB49F4 /* Products */;
			projectDirPath = "";
			projectRoot = "";
			targets = (
				0A7B401D2869E1DF00EB49F4 /* WeatherAppToy */,
				0A7B40332869E1E000EB49F4 /* WeatherAppToyTests */,
				0A7B403D2869E1E000EB49F4 /* WeatherAppToyUITests */,
			);
		};
/* End PBXProject section */

/* Begin PBXResourcesBuildPhase section */
		0A7B401C2869E1DF00EB49F4 /* Resources */ = {
			isa = PBXResourcesBuildPhase;
			buildActionMask = 2147483647;
			files = (
				0A7B402E2869E1E000EB49F4 /* LaunchScreen.storyboard in Resources */,
				0ADD6BAC286BDA5D00050C99 /* RegionalData.csv in Resources */,
				0A7B402B2869E1E000EB49F4 /* Assets.xcassets in Resources */,
				0A7B40292869E1DF00EB49F4 /* Main.storyboard in Resources */,
			);
			runOnlyForDeploymentPostprocessing = 0;
		};
		0A7B40322869E1E000EB49F4 /* Resources */ = {
			isa = PBXResourcesBuildPhase;
			buildActionMask = 2147483647;
			files = (
			);
			runOnlyForDeploymentPostprocessing = 0;
		};
		0A7B403C2869E1E000EB49F4 /* Resources */ = {
			isa = PBXResourcesBuildPhase;
			buildActionMask = 2147483647;
			files = (
			);
			runOnlyForDeploymentPostprocessing = 0;
		};
/* End PBXResourcesBuildPhase section */

/* Begin PBXSourcesBuildPhase section */
		0A7B401A2869E1DF00EB49F4 /* Sources */ = {
			isa = PBXSourcesBuildPhase;
			buildActionMask = 2147483647;
			files = (
				0A8DB9BB286DD3630069197F /* APIResponse.swift in Sources */,
				0ADD6BAA286AB47E00050C99 /* RegionalDataModel.swift in Sources */,
				0ADD6BAE286C0C4800050C99 /* ShortTermForecastModel.swift in Sources */,
				0A7B40262869E1DF00EB49F4 /* ViewController.swift in Sources */,
				0A7B40522869E20200EB49F4 /* APIRequest.swift in Sources */,
				0A7B40222869E1DF00EB49F4 /* AppDelegate.swift in Sources */,
				0A7B40242869E1DF00EB49F4 /* SceneDelegate.swift in Sources */,
				0ADE791A287430DB007C6D20 /* Extension.swift in Sources */,
			);
			runOnlyForDeploymentPostprocessing = 0;
		};
		0A7B40302869E1E000EB49F4 /* Sources */ = {
			isa = PBXSourcesBuildPhase;
			buildActionMask = 2147483647;
			files = (
				0A7B40392869E1E000EB49F4 /* WeatherAppToyTests.swift in Sources */,
			);
			runOnlyForDeploymentPostprocessing = 0;
		};
		0A7B403A2869E1E000EB49F4 /* Sources */ = {
			isa = PBXSourcesBuildPhase;
			buildActionMask = 2147483647;
			files = (
				0A7B40452869E1E000EB49F4 /* WeatherAppToyUITestsLaunchTests.swift in Sources */,
				0A7B40432869E1E000EB49F4 /* WeatherAppToyUITests.swift in Sources */,
			);
			runOnlyForDeploymentPostprocessing = 0;
		};
/* End PBXSourcesBuildPhase section */

/* Begin PBXTargetDependency section */
		0A7B40362869E1E000EB49F4 /* PBXTargetDependency */ = {
			isa = PBXTargetDependency;
			target = 0A7B401D2869E1DF00EB49F4 /* WeatherAppToy */;
			targetProxy = 0A7B40352869E1E000EB49F4 /* PBXContainerItemProxy */;
		};
		0A7B40402869E1E000EB49F4 /* PBXTargetDependency */ = {
			isa = PBXTargetDependency;
			target = 0A7B401D2869E1DF00EB49F4 /* WeatherAppToy */;
			targetProxy = 0A7B403F2869E1E000EB49F4 /* PBXContainerItemProxy */;
		};
/* End PBXTargetDependency section */

/* Begin PBXVariantGroup section */
		0A7B40272869E1DF00EB49F4 /* Main.storyboard */ = {
			isa = PBXVariantGroup;
			children = (
				0A7B40282869E1DF00EB49F4 /* Base */,
			);
			name = Main.storyboard;
			sourceTree = "<group>";
		};
		0A7B402C2869E1E000EB49F4 /* LaunchScreen.storyboard */ = {
			isa = PBXVariantGroup;
			children = (
				0A7B402D2869E1E000EB49F4 /* Base */,
			);
			name = LaunchScreen.storyboard;
			sourceTree = "<group>";
		};
/* End PBXVariantGroup section */

/* Begin XCBuildConfiguration section */
		0A7B40462869E1E000EB49F4 /* Debug */ = {
			isa = XCBuildConfiguration;
			buildSettings = {
				ALWAYS_SEARCH_USER_PATHS = NO;
				CLANG_ANALYZER_NONNULL = YES;
				CLANG_ANALYZER_NUMBER_OBJECT_CONVERSION = YES_AGGRESSIVE;
				CLANG_CXX_LANGUAGE_STANDARD = "gnu++17";
				CLANG_ENABLE_MODULES = YES;
				CLANG_ENABLE_OBJC_ARC = YES;
				CLANG_ENABLE_OBJC_WEAK = YES;
				CLANG_WARN_BLOCK_CAPTURE_AUTORELEASING = YES;
				CLANG_WARN_BOOL_CONVERSION = YES;
				CLANG_WARN_COMMA = YES;
				CLANG_WARN_CONSTANT_CONVERSION = YES;
				CLANG_WARN_DEPRECATED_OBJC_IMPLEMENTATIONS = YES;
				CLANG_WARN_DIRECT_OBJC_ISA_USAGE = YES_ERROR;
				CLANG_WARN_DOCUMENTATION_COMMENTS = YES;
				CLANG_WARN_EMPTY_BODY = YES;
				CLANG_WARN_ENUM_CONVERSION = YES;
				CLANG_WARN_INFINITE_RECURSION = YES;
				CLANG_WARN_INT_CONVERSION = YES;
				CLANG_WARN_NON_LITERAL_NULL_CONVERSION = YES;
				CLANG_WARN_OBJC_IMPLICIT_RETAIN_SELF = YES;
				CLANG_WARN_OBJC_LITERAL_CONVERSION = YES;
				CLANG_WARN_OBJC_ROOT_CLASS = YES_ERROR;
				CLANG_WARN_QUOTED_INCLUDE_IN_FRAMEWORK_HEADER = YES;
				CLANG_WARN_RANGE_LOOP_ANALYSIS = YES;
				CLANG_WARN_STRICT_PROTOTYPES = YES;
				CLANG_WARN_SUSPICIOUS_MOVE = YES;
				CLANG_WARN_UNGUARDED_AVAILABILITY = YES_AGGRESSIVE;
				CLANG_WARN_UNREACHABLE_CODE = YES;
				CLANG_WARN__DUPLICATE_METHOD_MATCH = YES;
				COPY_PHASE_STRIP = NO;
				DEBUG_INFORMATION_FORMAT = dwarf;
				ENABLE_STRICT_OBJC_MSGSEND = YES;
				ENABLE_TESTABILITY = YES;
				GCC_C_LANGUAGE_STANDARD = gnu11;
				GCC_DYNAMIC_NO_PIC = NO;
				GCC_NO_COMMON_BLOCKS = YES;
				GCC_OPTIMIZATION_LEVEL = 0;
				GCC_PREPROCESSOR_DEFINITIONS = (
					"DEBUG=1",
					"$(inherited)",
				);
				GCC_WARN_64_TO_32_BIT_CONVERSION = YES;
				GCC_WARN_ABOUT_RETURN_TYPE = YES_ERROR;
				GCC_WARN_UNDECLARED_SELECTOR = YES;
				GCC_WARN_UNINITIALIZED_AUTOS = YES_AGGRESSIVE;
				GCC_WARN_UNUSED_FUNCTION = YES;
				GCC_WARN_UNUSED_VARIABLE = YES;
				IPHONEOS_DEPLOYMENT_TARGET = 14.0;
				MTL_ENABLE_DEBUG_INFO = INCLUDE_SOURCE;
				MTL_FAST_MATH = YES;
				ONLY_ACTIVE_ARCH = YES;
				SDKROOT = iphoneos;
				SWIFT_ACTIVE_COMPILATION_CONDITIONS = DEBUG;
				SWIFT_OPTIMIZATION_LEVEL = "-Onone";
			};
			name = Debug;
		};
		0A7B40472869E1E000EB49F4 /* Release */ = {
			isa = XCBuildConfiguration;
			buildSettings = {
				ALWAYS_SEARCH_USER_PATHS = NO;
				CLANG_ANALYZER_NONNULL = YES;
				CLANG_ANALYZER_NUMBER_OBJECT_CONVERSION = YES_AGGRESSIVE;
				CLANG_CXX_LANGUAGE_STANDARD = "gnu++17";
				CLANG_ENABLE_MODULES = YES;
				CLANG_ENABLE_OBJC_ARC = YES;
				CLANG_ENABLE_OBJC_WEAK = YES;
				CLANG_WARN_BLOCK_CAPTURE_AUTORELEASING = YES;
				CLANG_WARN_BOOL_CONVERSION = YES;
				CLANG_WARN_COMMA = YES;
				CLANG_WARN_CONSTANT_CONVERSION = YES;
				CLANG_WARN_DEPRECATED_OBJC_IMPLEMENTATIONS = YES;
				CLANG_WARN_DIRECT_OBJC_ISA_USAGE = YES_ERROR;
				CLANG_WARN_DOCUMENTATION_COMMENTS = YES;
				CLANG_WARN_EMPTY_BODY = YES;
				CLANG_WARN_ENUM_CONVERSION = YES;
				CLANG_WARN_INFINITE_RECURSION = YES;
				CLANG_WARN_INT_CONVERSION = YES;
				CLANG_WARN_NON_LITERAL_NULL_CONVERSION = YES;
				CLANG_WARN_OBJC_IMPLICIT_RETAIN_SELF = YES;
				CLANG_WARN_OBJC_LITERAL_CONVERSION = YES;
				CLANG_WARN_OBJC_ROOT_CLASS = YES_ERROR;
				CLANG_WARN_QUOTED_INCLUDE_IN_FRAMEWORK_HEADER = YES;
				CLANG_WARN_RANGE_LOOP_ANALYSIS = YES;
				CLANG_WARN_STRICT_PROTOTYPES = YES;
				CLANG_WARN_SUSPICIOUS_MOVE = YES;
				CLANG_WARN_UNGUARDED_AVAILABILITY = YES_AGGRESSIVE;
				CLANG_WARN_UNREACHABLE_CODE = YES;
				CLANG_WARN__DUPLICATE_METHOD_MATCH = YES;
				COPY_PHASE_STRIP = NO;
				DEBUG_INFORMATION_FORMAT = "dwarf-with-dsym";
				ENABLE_NS_ASSERTIONS = NO;
				ENABLE_STRICT_OBJC_MSGSEND = YES;
				GCC_C_LANGUAGE_STANDARD = gnu11;
				GCC_NO_COMMON_BLOCKS = YES;
				GCC_WARN_64_TO_32_BIT_CONVERSION = YES;
				GCC_WARN_ABOUT_RETURN_TYPE = YES_ERROR;
				GCC_WARN_UNDECLARED_SELECTOR = YES;
				GCC_WARN_UNINITIALIZED_AUTOS = YES_AGGRESSIVE;
				GCC_WARN_UNUSED_FUNCTION = YES;
				GCC_WARN_UNUSED_VARIABLE = YES;
				IPHONEOS_DEPLOYMENT_TARGET = 14.0;
				MTL_ENABLE_DEBUG_INFO = NO;
				MTL_FAST_MATH = YES;
				SDKROOT = iphoneos;
				SWIFT_COMPILATION_MODE = wholemodule;
				SWIFT_OPTIMIZATION_LEVEL = "-O";
				VALIDATE_PRODUCT = YES;
			};
			name = Release;
		};
		0A7B40492869E1E000EB49F4 /* Debug */ = {
			isa = XCBuildConfiguration;
			buildSettings = {
				ASSETCATALOG_COMPILER_APPICON_NAME = AppIcon;
				ASSETCATALOG_COMPILER_GLOBAL_ACCENT_COLOR_NAME = AccentColor;
				CODE_SIGN_STYLE = Automatic;
				CURRENT_PROJECT_VERSION = 1;
				DEVELOPMENT_TEAM = ZNH7978JJQ;
				GENERATE_INFOPLIST_FILE = YES;
				INFOPLIST_FILE = WeatherAppToy/Info.plist;
				INFOPLIST_KEY_UIApplicationSupportsIndirectInputEvents = YES;
				INFOPLIST_KEY_UILaunchStoryboardName = LaunchScreen;
				INFOPLIST_KEY_UIMainStoryboardFile = Main;
				INFOPLIST_KEY_UISupportedInterfaceOrientations_iPad = "UIInterfaceOrientationPortrait UIInterfaceOrientationPortraitUpsideDown UIInterfaceOrientationLandscapeLeft UIInterfaceOrientationLandscapeRight";
				INFOPLIST_KEY_UISupportedInterfaceOrientations_iPhone = "UIInterfaceOrientationPortrait UIInterfaceOrientationLandscapeLeft UIInterfaceOrientationLandscapeRight";
				LD_RUNPATH_SEARCH_PATHS = (
					"$(inherited)",
					"@executable_path/Frameworks",
				);
				MARKETING_VERSION = 1.0;
				PRODUCT_BUNDLE_IDENTIFIER = com.WeatherAppToy;
				PRODUCT_NAME = "$(TARGET_NAME)";
				SWIFT_EMIT_LOC_STRINGS = YES;
				SWIFT_VERSION = 5.0;
				TARGETED_DEVICE_FAMILY = "1,2";
			};
			name = Debug;
		};
		0A7B404A2869E1E000EB49F4 /* Release */ = {
			isa = XCBuildConfiguration;
			buildSettings = {
				ASSETCATALOG_COMPILER_APPICON_NAME = AppIcon;
				ASSETCATALOG_COMPILER_GLOBAL_ACCENT_COLOR_NAME = AccentColor;
				CODE_SIGN_STYLE = Automatic;
				CURRENT_PROJECT_VERSION = 1;
				DEVELOPMENT_TEAM = ZNH7978JJQ;
				GENERATE_INFOPLIST_FILE = YES;
				INFOPLIST_FILE = WeatherAppToy/Info.plist;
				INFOPLIST_KEY_UIApplicationSupportsIndirectInputEvents = YES;
				INFOPLIST_KEY_UILaunchStoryboardName = LaunchScreen;
				INFOPLIST_KEY_UIMainStoryboardFile = Main;
				INFOPLIST_KEY_UISupportedInterfaceOrientations_iPad = "UIInterfaceOrientationPortrait UIInterfaceOrientationPortraitUpsideDown UIInterfaceOrientationLandscapeLeft UIInterfaceOrientationLandscapeRight";
				INFOPLIST_KEY_UISupportedInterfaceOrientations_iPhone = "UIInterfaceOrientationPortrait UIInterfaceOrientationLandscapeLeft UIInterfaceOrientationLandscapeRight";
				LD_RUNPATH_SEARCH_PATHS = (
					"$(inherited)",
					"@executable_path/Frameworks",
				);
				MARKETING_VERSION = 1.0;
				PRODUCT_BUNDLE_IDENTIFIER = com.WeatherAppToy;
				PRODUCT_NAME = "$(TARGET_NAME)";
				SWIFT_EMIT_LOC_STRINGS = YES;
				SWIFT_VERSION = 5.0;
				TARGETED_DEVICE_FAMILY = "1,2";
			};
			name = Release;
		};
		0A7B404C2869E1E000EB49F4 /* Debug */ = {
			isa = XCBuildConfiguration;
			buildSettings = {
				ALWAYS_EMBED_SWIFT_STANDARD_LIBRARIES = YES;
				BUNDLE_LOADER = "$(TEST_HOST)";
				CODE_SIGN_STYLE = Automatic;
				CURRENT_PROJECT_VERSION = 1;
				DEVELOPMENT_TEAM = ZNH7978JJQ;
				GENERATE_INFOPLIST_FILE = YES;
				IPHONEOS_DEPLOYMENT_TARGET = 15.5;
				MARKETING_VERSION = 1.0;
				PRODUCT_BUNDLE_IDENTIFIER = com.WeatherAppToyTests;
				PRODUCT_NAME = "$(TARGET_NAME)";
				SWIFT_EMIT_LOC_STRINGS = NO;
				SWIFT_VERSION = 5.0;
				TARGETED_DEVICE_FAMILY = "1,2";
				TEST_HOST = "$(BUILT_PRODUCTS_DIR)/WeatherAppToy.app/WeatherAppToy";
			};
			name = Debug;
		};
		0A7B404D2869E1E000EB49F4 /* Release */ = {
			isa = XCBuildConfiguration;
			buildSettings = {
				ALWAYS_EMBED_SWIFT_STANDARD_LIBRARIES = YES;
				BUNDLE_LOADER = "$(TEST_HOST)";
				CODE_SIGN_STYLE = Automatic;
				CURRENT_PROJECT_VERSION = 1;
				DEVELOPMENT_TEAM = ZNH7978JJQ;
				GENERATE_INFOPLIST_FILE = YES;
				IPHONEOS_DEPLOYMENT_TARGET = 15.5;
				MARKETING_VERSION = 1.0;
				PRODUCT_BUNDLE_IDENTIFIER = com.WeatherAppToyTests;
				PRODUCT_NAME = "$(TARGET_NAME)";
				SWIFT_EMIT_LOC_STRINGS = NO;
				SWIFT_VERSION = 5.0;
				TARGETED_DEVICE_FAMILY = "1,2";
				TEST_HOST = "$(BUILT_PRODUCTS_DIR)/WeatherAppToy.app/WeatherAppToy";
			};
			name = Release;
		};
		0A7B404F2869E1E000EB49F4 /* Debug */ = {
			isa = XCBuildConfiguration;
			buildSettings = {
				ALWAYS_EMBED_SWIFT_STANDARD_LIBRARIES = YES;
				CODE_SIGN_STYLE = Automatic;
				CURRENT_PROJECT_VERSION = 1;
				DEVELOPMENT_TEAM = ZNH7978JJQ;
				GENERATE_INFOPLIST_FILE = YES;
				MARKETING_VERSION = 1.0;
				PRODUCT_BUNDLE_IDENTIFIER = com.WeatherAppToyUITests;
				PRODUCT_NAME = "$(TARGET_NAME)";
				SWIFT_EMIT_LOC_STRINGS = NO;
				SWIFT_VERSION = 5.0;
				TARGETED_DEVICE_FAMILY = "1,2";
				TEST_TARGET_NAME = WeatherAppToy;
			};
			name = Debug;
		};
		0A7B40502869E1E000EB49F4 /* Release */ = {
			isa = XCBuildConfiguration;
			buildSettings = {
				ALWAYS_EMBED_SWIFT_STANDARD_LIBRARIES = YES;
				CODE_SIGN_STYLE = Automatic;
				CURRENT_PROJECT_VERSION = 1;
				DEVELOPMENT_TEAM = ZNH7978JJQ;
				GENERATE_INFOPLIST_FILE = YES;
				MARKETING_VERSION = 1.0;
				PRODUCT_BUNDLE_IDENTIFIER = com.WeatherAppToyUITests;
				PRODUCT_NAME = "$(TARGET_NAME)";
				SWIFT_EMIT_LOC_STRINGS = NO;
				SWIFT_VERSION = 5.0;
				TARGETED_DEVICE_FAMILY = "1,2";
				TEST_TARGET_NAME = WeatherAppToy;
			};
			name = Release;
		};
/* End XCBuildConfiguration section */

/* Begin XCConfigurationList section */
		0A7B40192869E1DF00EB49F4 /* Build configuration list for PBXProject "WeatherAppToy" */ = {
			isa = XCConfigurationList;
			buildConfigurations = (
				0A7B40462869E1E000EB49F4 /* Debug */,
				0A7B40472869E1E000EB49F4 /* Release */,
			);
			defaultConfigurationIsVisible = 0;
			defaultConfigurationName = Release;
		};
		0A7B40482869E1E000EB49F4 /* Build configuration list for PBXNativeTarget "WeatherAppToy" */ = {
			isa = XCConfigurationList;
			buildConfigurations = (
				0A7B40492869E1E000EB49F4 /* Debug */,
				0A7B404A2869E1E000EB49F4 /* Release */,
			);
			defaultConfigurationIsVisible = 0;
			defaultConfigurationName = Release;
		};
		0A7B404B2869E1E000EB49F4 /* Build configuration list for PBXNativeTarget "WeatherAppToyTests" */ = {
			isa = XCConfigurationList;
			buildConfigurations = (
				0A7B404C2869E1E000EB49F4 /* Debug */,
				0A7B404D2869E1E000EB49F4 /* Release */,
			);
			defaultConfigurationIsVisible = 0;
			defaultConfigurationName = Release;
		};
		0A7B404E2869E1E000EB49F4 /* Build configuration list for PBXNativeTarget "WeatherAppToyUITests" */ = {
			isa = XCConfigurationList;
			buildConfigurations = (
				0A7B404F2869E1E000EB49F4 /* Debug */,
				0A7B40502869E1E000EB49F4 /* Release */,
			);
			defaultConfigurationIsVisible = 0;
			defaultConfigurationName = Release;
		};
/* End XCConfigurationList section */

/* Begin XCRemoteSwiftPackageReference section */
		0A7B40532869E27100EB49F4 /* XCRemoteSwiftPackageReference "Alamofire" */ = {
			isa = XCRemoteSwiftPackageReference;
			repositoryURL = "https://github.com/Alamofire/Alamofire";
			requirement = {
				branch = master;
				kind = branch;
			};
		};
/* End XCRemoteSwiftPackageReference section */

/* Begin XCSwiftPackageProductDependency section */
		0A7B40542869E27100EB49F4 /* Alamofire */ = {
			isa = XCSwiftPackageProductDependency;
			package = 0A7B40532869E27100EB49F4 /* XCRemoteSwiftPackageReference "Alamofire" */;
			productName = Alamofire;
		};
/* End XCSwiftPackageProductDependency section */
	};
	rootObject = 0A7B40162869E1DF00EB49F4 /* Project object */;
}
