// !$*UTF8*$!
{
	archiveVersion = 1;
	classes = {
	};
	objectVersion = 55;
	objects = {

/* Begin PBXBuildFile section */
		0A5AFE012867381700DA18BE /* AppDelegate.swift in Sources */ = {isa = PBXBuildFile; fileRef = 0A5AFE002867381700DA18BE /* AppDelegate.swift */; };
		0A5AFE032867381700DA18BE /* SceneDelegate.swift in Sources */ = {isa = PBXBuildFile; fileRef = 0A5AFE022867381700DA18BE /* SceneDelegate.swift */; };
		0A5AFE0A2867381800DA18BE /* Assets.xcassets in Resources */ = {isa = PBXBuildFile; fileRef = 0A5AFE092867381800DA18BE /* Assets.xcassets */; };
		0A5AFE0D2867381800DA18BE /* LaunchScreen.storyboard in Resources */ = {isa = PBXBuildFile; fileRef = 0A5AFE0B2867381800DA18BE /* LaunchScreen.storyboard */; };
		0A5AFE182867381800DA18BE /* WeatherAppTests.swift in Sources */ = {isa = PBXBuildFile; fileRef = 0A5AFE172867381800DA18BE /* WeatherAppTests.swift */; };
		0A5AFE222867381800DA18BE /* WeatherAppUITests.swift in Sources */ = {isa = PBXBuildFile; fileRef = 0A5AFE212867381800DA18BE /* WeatherAppUITests.swift */; };
		0A5AFE242867381800DA18BE /* WeatherAppUITestsLaunchTests.swift in Sources */ = {isa = PBXBuildFile; fileRef = 0A5AFE232867381800DA18BE /* WeatherAppUITestsLaunchTests.swift */; };
		0A6A1E65287823BD003BB4A0 /* MainViewController.swift in Sources */ = {isa = PBXBuildFile; fileRef = 0A6A1E64287823BD003BB4A0 /* MainViewController.swift */; };
		0A6A1E6B28782930003BB4A0 /* MainCollectionViewCell.swift in Sources */ = {isa = PBXBuildFile; fileRef = 0A6A1E6A28782930003BB4A0 /* MainCollectionViewCell.swift */; };
		0A6A1E6E28791FDC003BB4A0 /* Extensions.swift in Sources */ = {isa = PBXBuildFile; fileRef = 0A6A1E6D28791FDC003BB4A0 /* Extensions.swift */; };
		0A6A1E7128792025003BB4A0 /* APIRequest.swift in Sources */ = {isa = PBXBuildFile; fileRef = 0A6A1E7028792025003BB4A0 /* APIRequest.swift */; };
		0A6A1E7328792054003BB4A0 /* APIResponse.swift in Sources */ = {isa = PBXBuildFile; fileRef = 0A6A1E7228792054003BB4A0 /* APIResponse.swift */; };
		0A6A1E7528792069003BB4A0 /* RegionalDataModel.swift in Sources */ = {isa = PBXBuildFile; fileRef = 0A6A1E7428792069003BB4A0 /* RegionalDataModel.swift */; };
		0A6A1E77287920A5003BB4A0 /* WeatherForecastModel.swift in Sources */ = {isa = PBXBuildFile; fileRef = 0A6A1E76287920A5003BB4A0 /* WeatherForecastModel.swift */; };
		0A6A1E7928792160003BB4A0 /* RegionalData.csv in Resources */ = {isa = PBXBuildFile; fileRef = 0A6A1E7828792160003BB4A0 /* RegionalData.csv */; };
		0A7EAE832883C5920087C4F5 /* RegionWeatherViewController.swift in Sources */ = {isa = PBXBuildFile; fileRef = 0A7EAE822883C5920087C4F5 /* RegionWeatherViewController.swift */; };
		0A7EAE852883C5AD0087C4F5 /* DayWeatherCollectionViewCell.swift in Sources */ = {isa = PBXBuildFile; fileRef = 0A7EAE842883C5AD0087C4F5 /* DayWeatherCollectionViewCell.swift */; };
		0A7EAE872883C5B20087C4F5 /* WeekWeatherTableViewCell.swift in Sources */ = {isa = PBXBuildFile; fileRef = 0A7EAE862883C5B20087C4F5 /* WeekWeatherTableViewCell.swift */; };
		0A7EAE892883C6140087C4F5 /* CustomColors.swift in Sources */ = {isa = PBXBuildFile; fileRef = 0A7EAE882883C6140087C4F5 /* CustomColors.swift */; };
		0A7EAE8B2883C6640087C4F5 /* WeekWeather.swift in Sources */ = {isa = PBXBuildFile; fileRef = 0A7EAE8A2883C6640087C4F5 /* WeekWeather.swift */; };
		0ADC5006287D360700B89518 /* SearchTableViewCell.swift in Sources */ = {isa = PBXBuildFile; fileRef = 0ADC5005287D360700B89518 /* SearchTableViewCell.swift */; };
		0ADC500E28800D9200B89518 /* MainViewModel.swift in Sources */ = {isa = PBXBuildFile; fileRef = 0ADC500D28800D9200B89518 /* MainViewModel.swift */; };
		506C85A0A39B128C605C18C4 /* Pods_WeatherApp.framework in Frameworks */ = {isa = PBXBuildFile; fileRef = 89C37B2DFCB003E90A5E1E83 /* Pods_WeatherApp.framework */; };
		D740827BABF1CA65323ABDE1 /* Pods_WeatherApp_WeatherAppUITests.framework in Frameworks */ = {isa = PBXBuildFile; fileRef = 521EC5FEED076A32CF78191B /* Pods_WeatherApp_WeatherAppUITests.framework */; };
		F684B57D595A920636098676 /* Pods_WeatherAppTests.framework in Frameworks */ = {isa = PBXBuildFile; fileRef = C6BB2835D73026692C18B459 /* Pods_WeatherAppTests.framework */; };
/* End PBXBuildFile section */

/* Begin PBXContainerItemProxy section */
		0A5AFE142867381800DA18BE /* PBXContainerItemProxy */ = {
			isa = PBXContainerItemProxy;
			containerPortal = 0A5AFDF52867381700DA18BE /* Project object */;
			proxyType = 1;
			remoteGlobalIDString = 0A5AFDFC2867381700DA18BE;
			remoteInfo = WeatherApp;
		};
		0A5AFE1E2867381800DA18BE /* PBXContainerItemProxy */ = {
			isa = PBXContainerItemProxy;
			containerPortal = 0A5AFDF52867381700DA18BE /* Project object */;
			proxyType = 1;
			remoteGlobalIDString = 0A5AFDFC2867381700DA18BE;
			remoteInfo = WeatherApp;
		};
/* End PBXContainerItemProxy section */

/* Begin PBXFileReference section */
		070777F7F821FBA0011EB242 /* Pods-WeatherAppTests.release.xcconfig */ = {isa = PBXFileReference; includeInIndex = 1; lastKnownFileType = text.xcconfig; name = "Pods-WeatherAppTests.release.xcconfig"; path = "Target Support Files/Pods-WeatherAppTests/Pods-WeatherAppTests.release.xcconfig"; sourceTree = "<group>"; };
		0A5AFDFD2867381700DA18BE /* WeatherApp.app */ = {isa = PBXFileReference; explicitFileType = wrapper.application; includeInIndex = 0; path = WeatherApp.app; sourceTree = BUILT_PRODUCTS_DIR; };
		0A5AFE002867381700DA18BE /* AppDelegate.swift */ = {isa = PBXFileReference; lastKnownFileType = sourcecode.swift; path = AppDelegate.swift; sourceTree = "<group>"; };
		0A5AFE022867381700DA18BE /* SceneDelegate.swift */ = {isa = PBXFileReference; lastKnownFileType = sourcecode.swift; path = SceneDelegate.swift; sourceTree = "<group>"; };
		0A5AFE092867381800DA18BE /* Assets.xcassets */ = {isa = PBXFileReference; lastKnownFileType = folder.assetcatalog; path = Assets.xcassets; sourceTree = "<group>"; };
		0A5AFE0C2867381800DA18BE /* Base */ = {isa = PBXFileReference; lastKnownFileType = file.storyboard; name = Base; path = Base.lproj/LaunchScreen.storyboard; sourceTree = "<group>"; };
		0A5AFE0E2867381800DA18BE /* Info.plist */ = {isa = PBXFileReference; lastKnownFileType = text.plist.xml; path = Info.plist; sourceTree = "<group>"; };
		0A5AFE132867381800DA18BE /* WeatherAppTests.xctest */ = {isa = PBXFileReference; explicitFileType = wrapper.cfbundle; includeInIndex = 0; path = WeatherAppTests.xctest; sourceTree = BUILT_PRODUCTS_DIR; };
		0A5AFE172867381800DA18BE /* WeatherAppTests.swift */ = {isa = PBXFileReference; lastKnownFileType = sourcecode.swift; path = WeatherAppTests.swift; sourceTree = "<group>"; };
		0A5AFE1D2867381800DA18BE /* WeatherAppUITests.xctest */ = {isa = PBXFileReference; explicitFileType = wrapper.cfbundle; includeInIndex = 0; path = WeatherAppUITests.xctest; sourceTree = BUILT_PRODUCTS_DIR; };
		0A5AFE212867381800DA18BE /* WeatherAppUITests.swift */ = {isa = PBXFileReference; lastKnownFileType = sourcecode.swift; path = WeatherAppUITests.swift; sourceTree = "<group>"; };
		0A5AFE232867381800DA18BE /* WeatherAppUITestsLaunchTests.swift */ = {isa = PBXFileReference; lastKnownFileType = sourcecode.swift; path = WeatherAppUITestsLaunchTests.swift; sourceTree = "<group>"; };
		0A6A1E64287823BD003BB4A0 /* MainViewController.swift */ = {isa = PBXFileReference; lastKnownFileType = sourcecode.swift; path = MainViewController.swift; sourceTree = "<group>"; };
		0A6A1E6A28782930003BB4A0 /* MainCollectionViewCell.swift */ = {isa = PBXFileReference; lastKnownFileType = sourcecode.swift; path = MainCollectionViewCell.swift; sourceTree = "<group>"; };
		0A6A1E6D28791FDC003BB4A0 /* Extensions.swift */ = {isa = PBXFileReference; lastKnownFileType = sourcecode.swift; path = Extensions.swift; sourceTree = "<group>"; };
		0A6A1E7028792025003BB4A0 /* APIRequest.swift */ = {isa = PBXFileReference; lastKnownFileType = sourcecode.swift; path = APIRequest.swift; sourceTree = "<group>"; };
		0A6A1E7228792054003BB4A0 /* APIResponse.swift */ = {isa = PBXFileReference; lastKnownFileType = sourcecode.swift; path = APIResponse.swift; sourceTree = "<group>"; };
		0A6A1E7428792069003BB4A0 /* RegionalDataModel.swift */ = {isa = PBXFileReference; lastKnownFileType = sourcecode.swift; path = RegionalDataModel.swift; sourceTree = "<group>"; };
		0A6A1E76287920A5003BB4A0 /* WeatherForecastModel.swift */ = {isa = PBXFileReference; lastKnownFileType = sourcecode.swift; path = WeatherForecastModel.swift; sourceTree = "<group>"; };
		0A6A1E7828792160003BB4A0 /* RegionalData.csv */ = {isa = PBXFileReference; fileEncoding = 4; lastKnownFileType = text; name = RegionalData.csv; path = ../../../WeatherAppToy/WeatherAppToy/RegionalData.csv; sourceTree = "<group>"; };
		0A7EAE822883C5920087C4F5 /* RegionWeatherViewController.swift */ = {isa = PBXFileReference; fileEncoding = 4; lastKnownFileType = sourcecode.swift; path = RegionWeatherViewController.swift; sourceTree = "<group>"; };
		0A7EAE842883C5AD0087C4F5 /* DayWeatherCollectionViewCell.swift */ = {isa = PBXFileReference; fileEncoding = 4; lastKnownFileType = sourcecode.swift; path = DayWeatherCollectionViewCell.swift; sourceTree = "<group>"; };
		0A7EAE862883C5B20087C4F5 /* WeekWeatherTableViewCell.swift */ = {isa = PBXFileReference; fileEncoding = 4; lastKnownFileType = sourcecode.swift; path = WeekWeatherTableViewCell.swift; sourceTree = "<group>"; };
		0A7EAE882883C6140087C4F5 /* CustomColors.swift */ = {isa = PBXFileReference; fileEncoding = 4; lastKnownFileType = sourcecode.swift; path = CustomColors.swift; sourceTree = "<group>"; };
		0A7EAE8A2883C6640087C4F5 /* WeekWeather.swift */ = {isa = PBXFileReference; fileEncoding = 4; lastKnownFileType = sourcecode.swift; path = WeekWeather.swift; sourceTree = "<group>"; };
		0ADC5005287D360700B89518 /* SearchTableViewCell.swift */ = {isa = PBXFileReference; lastKnownFileType = sourcecode.swift; path = SearchTableViewCell.swift; sourceTree = "<group>"; };
		0ADC500D28800D9200B89518 /* MainViewModel.swift */ = {isa = PBXFileReference; lastKnownFileType = sourcecode.swift; path = MainViewModel.swift; sourceTree = "<group>"; };
		2F5DBF133072CB42239C680F /* Pods-WeatherApp.debug.xcconfig */ = {isa = PBXFileReference; includeInIndex = 1; lastKnownFileType = text.xcconfig; name = "Pods-WeatherApp.debug.xcconfig"; path = "Target Support Files/Pods-WeatherApp/Pods-WeatherApp.debug.xcconfig"; sourceTree = "<group>"; };
		30DBC4AA9C96AB11BAA2D4AF /* Pods-WeatherApp-WeatherAppUITests.debug.xcconfig */ = {isa = PBXFileReference; includeInIndex = 1; lastKnownFileType = text.xcconfig; name = "Pods-WeatherApp-WeatherAppUITests.debug.xcconfig"; path = "Target Support Files/Pods-WeatherApp-WeatherAppUITests/Pods-WeatherApp-WeatherAppUITests.debug.xcconfig"; sourceTree = "<group>"; };
		4EB3D0549758DE24D7EF8685 /* Pods-WeatherApp-WeatherAppUITests.release.xcconfig */ = {isa = PBXFileReference; includeInIndex = 1; lastKnownFileType = text.xcconfig; name = "Pods-WeatherApp-WeatherAppUITests.release.xcconfig"; path = "Target Support Files/Pods-WeatherApp-WeatherAppUITests/Pods-WeatherApp-WeatherAppUITests.release.xcconfig"; sourceTree = "<group>"; };
		521EC5FEED076A32CF78191B /* Pods_WeatherApp_WeatherAppUITests.framework */ = {isa = PBXFileReference; explicitFileType = wrapper.framework; includeInIndex = 0; path = Pods_WeatherApp_WeatherAppUITests.framework; sourceTree = BUILT_PRODUCTS_DIR; };
		6B514253001EB4BEF992CA1F /* Pods-WeatherApp.release.xcconfig */ = {isa = PBXFileReference; includeInIndex = 1; lastKnownFileType = text.xcconfig; name = "Pods-WeatherApp.release.xcconfig"; path = "Target Support Files/Pods-WeatherApp/Pods-WeatherApp.release.xcconfig"; sourceTree = "<group>"; };
		78E916459E6A3F1DAFAF5D4F /* Pods-WeatherAppTests.debug.xcconfig */ = {isa = PBXFileReference; includeInIndex = 1; lastKnownFileType = text.xcconfig; name = "Pods-WeatherAppTests.debug.xcconfig"; path = "Target Support Files/Pods-WeatherAppTests/Pods-WeatherAppTests.debug.xcconfig"; sourceTree = "<group>"; };
		89C37B2DFCB003E90A5E1E83 /* Pods_WeatherApp.framework */ = {isa = PBXFileReference; explicitFileType = wrapper.framework; includeInIndex = 0; path = Pods_WeatherApp.framework; sourceTree = BUILT_PRODUCTS_DIR; };
		C6BB2835D73026692C18B459 /* Pods_WeatherAppTests.framework */ = {isa = PBXFileReference; explicitFileType = wrapper.framework; includeInIndex = 0; path = Pods_WeatherAppTests.framework; sourceTree = BUILT_PRODUCTS_DIR; };
/* End PBXFileReference section */

/* Begin PBXFrameworksBuildPhase section */
		0A5AFDFA2867381700DA18BE /* Frameworks */ = {
			isa = PBXFrameworksBuildPhase;
			buildActionMask = 2147483647;
			files = (
				506C85A0A39B128C605C18C4 /* Pods_WeatherApp.framework in Frameworks */,
			);
			runOnlyForDeploymentPostprocessing = 0;
		};
		0A5AFE102867381800DA18BE /* Frameworks */ = {
			isa = PBXFrameworksBuildPhase;
			buildActionMask = 2147483647;
			files = (
				F684B57D595A920636098676 /* Pods_WeatherAppTests.framework in Frameworks */,
			);
			runOnlyForDeploymentPostprocessing = 0;
		};
		0A5AFE1A2867381800DA18BE /* Frameworks */ = {
			isa = PBXFrameworksBuildPhase;
			buildActionMask = 2147483647;
			files = (
				D740827BABF1CA65323ABDE1 /* Pods_WeatherApp_WeatherAppUITests.framework in Frameworks */,
			);
			runOnlyForDeploymentPostprocessing = 0;
		};
/* End PBXFrameworksBuildPhase section */

/* Begin PBXGroup section */
		0A5AFDF42867381700DA18BE = {
			isa = PBXGroup;
			children = (
				0A5AFDFF2867381700DA18BE /* WeatherApp */,
				0A5AFE162867381800DA18BE /* WeatherAppTests */,
				0A5AFE202867381800DA18BE /* WeatherAppUITests */,
				0A5AFDFE2867381700DA18BE /* Products */,
				53970465D6D2E21B39121596 /* Pods */,
				53A7CB61DCCDDCF4170A53F6 /* Frameworks */,
			);
			sourceTree = "<group>";
		};
		0A5AFDFE2867381700DA18BE /* Products */ = {
			isa = PBXGroup;
			children = (
				0A5AFDFD2867381700DA18BE /* WeatherApp.app */,
				0A5AFE132867381800DA18BE /* WeatherAppTests.xctest */,
				0A5AFE1D2867381800DA18BE /* WeatherAppUITests.xctest */,
			);
			name = Products;
			sourceTree = "<group>";
		};
		0A5AFDFF2867381700DA18BE /* WeatherApp */ = {
			isa = PBXGroup;
			children = (
				0A6A1E6C28791FCD003BB4A0 /* Util */,
				0A6A1E6F2879200F003BB4A0 /* Networking */,
				0A6A1E69287827CC003BB4A0 /* Controllers */,
				0A6A1E68287827C2003BB4A0 /* ViewModels */,
				0A6A1E67287827B8003BB4A0 /* Models */,
				0A6A1E66287827AD003BB4A0 /* Views */,
				0A5AFE002867381700DA18BE /* AppDelegate.swift */,
				0A5AFE022867381700DA18BE /* SceneDelegate.swift */,
				0A5AFE092867381800DA18BE /* Assets.xcassets */,
				0A5AFE0B2867381800DA18BE /* LaunchScreen.storyboard */,
				0A5AFE0E2867381800DA18BE /* Info.plist */,
			);
			path = WeatherApp;
			sourceTree = "<group>";
		};
		0A5AFE162867381800DA18BE /* WeatherAppTests */ = {
			isa = PBXGroup;
			children = (
				0A5AFE172867381800DA18BE /* WeatherAppTests.swift */,
			);
			path = WeatherAppTests;
			sourceTree = "<group>";
		};
		0A5AFE202867381800DA18BE /* WeatherAppUITests */ = {
			isa = PBXGroup;
			children = (
				0A5AFE212867381800DA18BE /* WeatherAppUITests.swift */,
				0A5AFE232867381800DA18BE /* WeatherAppUITestsLaunchTests.swift */,
			);
			path = WeatherAppUITests;
			sourceTree = "<group>";
		};
		0A6A1E66287827AD003BB4A0 /* Views */ = {
			isa = PBXGroup;
			children = (
				0A7EAE862883C5B20087C4F5 /* WeekWeatherTableViewCell.swift */,
				0A7EAE842883C5AD0087C4F5 /* DayWeatherCollectionViewCell.swift */,
				0A6A1E6A28782930003BB4A0 /* MainCollectionViewCell.swift */,
				0ADC5005287D360700B89518 /* SearchTableViewCell.swift */,
			);
			path = Views;
			sourceTree = "<group>";
		};
		0A6A1E67287827B8003BB4A0 /* Models */ = {
			isa = PBXGroup;
			children = (
				0A7EAE8A2883C6640087C4F5 /* WeekWeather.swift */,
				0A6A1E7428792069003BB4A0 /* RegionalDataModel.swift */,
				0A6A1E76287920A5003BB4A0 /* WeatherForecastModel.swift */,
			);
			path = Models;
			sourceTree = "<group>";
		};
		0A6A1E68287827C2003BB4A0 /* ViewModels */ = {
			isa = PBXGroup;
			children = (
				0ADC500D28800D9200B89518 /* MainViewModel.swift */,
			);
			path = ViewModels;
			sourceTree = "<group>";
		};
		0A6A1E69287827CC003BB4A0 /* Controllers */ = {
			isa = PBXGroup;
			children = (
				0A7EAE822883C5920087C4F5 /* RegionWeatherViewController.swift */,
				0A6A1E64287823BD003BB4A0 /* MainViewController.swift */,
			);
			path = Controllers;
			sourceTree = "<group>";
		};
		0A6A1E6C28791FCD003BB4A0 /* Util */ = {
			isa = PBXGroup;
			children = (
				0A7EAE882883C6140087C4F5 /* CustomColors.swift */,
				0A6A1E7828792160003BB4A0 /* RegionalData.csv */,
				0A6A1E6D28791FDC003BB4A0 /* Extensions.swift */,
			);
			path = Util;
			sourceTree = "<group>";
		};
		0A6A1E6F2879200F003BB4A0 /* Networking */ = {
			isa = PBXGroup;
			children = (
				0A6A1E7028792025003BB4A0 /* APIRequest.swift */,
				0A6A1E7228792054003BB4A0 /* APIResponse.swift */,
			);
			path = Networking;
			sourceTree = "<group>";
		};
		53970465D6D2E21B39121596 /* Pods */ = {
			isa = PBXGroup;
			children = (
				2F5DBF133072CB42239C680F /* Pods-WeatherApp.debug.xcconfig */,
				6B514253001EB4BEF992CA1F /* Pods-WeatherApp.release.xcconfig */,
				30DBC4AA9C96AB11BAA2D4AF /* Pods-WeatherApp-WeatherAppUITests.debug.xcconfig */,
				4EB3D0549758DE24D7EF8685 /* Pods-WeatherApp-WeatherAppUITests.release.xcconfig */,
				78E916459E6A3F1DAFAF5D4F /* Pods-WeatherAppTests.debug.xcconfig */,
				070777F7F821FBA0011EB242 /* Pods-WeatherAppTests.release.xcconfig */,
			);
			path = Pods;
			sourceTree = "<group>";
		};
		53A7CB61DCCDDCF4170A53F6 /* Frameworks */ = {
			isa = PBXGroup;
			children = (
				89C37B2DFCB003E90A5E1E83 /* Pods_WeatherApp.framework */,
				521EC5FEED076A32CF78191B /* Pods_WeatherApp_WeatherAppUITests.framework */,
				C6BB2835D73026692C18B459 /* Pods_WeatherAppTests.framework */,
			);
			name = Frameworks;
			sourceTree = "<group>";
		};
/* End PBXGroup section */

/* Begin PBXNativeTarget section */
		0A5AFDFC2867381700DA18BE /* WeatherApp */ = {
			isa = PBXNativeTarget;
			buildConfigurationList = 0A5AFE272867381800DA18BE /* Build configuration list for PBXNativeTarget "WeatherApp" */;
			buildPhases = (
				70C0FF02D1564ED3325F93A9 /* [CP] Check Pods Manifest.lock */,
				0A5AFDF92867381700DA18BE /* Sources */,
				0A5AFDFA2867381700DA18BE /* Frameworks */,
				0A5AFDFB2867381700DA18BE /* Resources */,
				68FD4D9890C514E46D81E7A4 /* [CP] Embed Pods Frameworks */,
			);
			buildRules = (
			);
			dependencies = (
			);
			name = WeatherApp;
			productName = WeatherApp;
			productReference = 0A5AFDFD2867381700DA18BE /* WeatherApp.app */;
			productType = "com.apple.product-type.application";
		};
		0A5AFE122867381800DA18BE /* WeatherAppTests */ = {
			isa = PBXNativeTarget;
			buildConfigurationList = 0A5AFE2A2867381800DA18BE /* Build configuration list for PBXNativeTarget "WeatherAppTests" */;
			buildPhases = (
				455F8402C09C0E1CF80AB33B /* [CP] Check Pods Manifest.lock */,
				0A5AFE0F2867381800DA18BE /* Sources */,
				0A5AFE102867381800DA18BE /* Frameworks */,
				0A5AFE112867381800DA18BE /* Resources */,
			);
			buildRules = (
			);
			dependencies = (
				0A5AFE152867381800DA18BE /* PBXTargetDependency */,
			);
			name = WeatherAppTests;
			productName = WeatherAppTests;
			productReference = 0A5AFE132867381800DA18BE /* WeatherAppTests.xctest */;
			productType = "com.apple.product-type.bundle.unit-test";
		};
		0A5AFE1C2867381800DA18BE /* WeatherAppUITests */ = {
			isa = PBXNativeTarget;
			buildConfigurationList = 0A5AFE2D2867381800DA18BE /* Build configuration list for PBXNativeTarget "WeatherAppUITests" */;
			buildPhases = (
				E0057BA1851962BFF70F678C /* [CP] Check Pods Manifest.lock */,
				0A5AFE192867381800DA18BE /* Sources */,
				0A5AFE1A2867381800DA18BE /* Frameworks */,
				0A5AFE1B2867381800DA18BE /* Resources */,
				A4E840DAA6F8B8747826FD9D /* [CP] Embed Pods Frameworks */,
			);
			buildRules = (
			);
			dependencies = (
				0A5AFE1F2867381800DA18BE /* PBXTargetDependency */,
			);
			name = WeatherAppUITests;
			productName = WeatherAppUITests;
			productReference = 0A5AFE1D2867381800DA18BE /* WeatherAppUITests.xctest */;
			productType = "com.apple.product-type.bundle.ui-testing";
		};
/* End PBXNativeTarget section */

/* Begin PBXProject section */
		0A5AFDF52867381700DA18BE /* Project object */ = {
			isa = PBXProject;
			attributes = {
				BuildIndependentTargetsInParallel = 1;
				LastSwiftUpdateCheck = 1340;
				LastUpgradeCheck = 1340;
				TargetAttributes = {
					0A5AFDFC2867381700DA18BE = {
						CreatedOnToolsVersion = 13.4.1;
					};
					0A5AFE122867381800DA18BE = {
						CreatedOnToolsVersion = 13.4.1;
						TestTargetID = 0A5AFDFC2867381700DA18BE;
					};
					0A5AFE1C2867381800DA18BE = {
						CreatedOnToolsVersion = 13.4.1;
						TestTargetID = 0A5AFDFC2867381700DA18BE;
					};
				};
			};
			buildConfigurationList = 0A5AFDF82867381700DA18BE /* Build configuration list for PBXProject "WeatherApp" */;
			compatibilityVersion = "Xcode 13.0";
			developmentRegion = en;
			hasScannedForEncodings = 0;
			knownRegions = (
				en,
				Base,
			);
			mainGroup = 0A5AFDF42867381700DA18BE;
			productRefGroup = 0A5AFDFE2867381700DA18BE /* Products */;
			projectDirPath = "";
			projectRoot = "";
			targets = (
				0A5AFDFC2867381700DA18BE /* WeatherApp */,
				0A5AFE122867381800DA18BE /* WeatherAppTests */,
				0A5AFE1C2867381800DA18BE /* WeatherAppUITests */,
			);
		};
/* End PBXProject section */

/* Begin PBXResourcesBuildPhase section */
		0A5AFDFB2867381700DA18BE /* Resources */ = {
			isa = PBXResourcesBuildPhase;
			buildActionMask = 2147483647;
			files = (
				0A5AFE0D2867381800DA18BE /* LaunchScreen.storyboard in Resources */,
				0A5AFE0A2867381800DA18BE /* Assets.xcassets in Resources */,
				0A6A1E7928792160003BB4A0 /* RegionalData.csv in Resources */,
			);
			runOnlyForDeploymentPostprocessing = 0;
		};
		0A5AFE112867381800DA18BE /* Resources */ = {
			isa = PBXResourcesBuildPhase;
			buildActionMask = 2147483647;
			files = (
			);
			runOnlyForDeploymentPostprocessing = 0;
		};
		0A5AFE1B2867381800DA18BE /* Resources */ = {
			isa = PBXResourcesBuildPhase;
			buildActionMask = 2147483647;
			files = (
			);
			runOnlyForDeploymentPostprocessing = 0;
		};
/* End PBXResourcesBuildPhase section */

/* Begin PBXShellScriptBuildPhase section */
		455F8402C09C0E1CF80AB33B /* [CP] Check Pods Manifest.lock */ = {
			isa = PBXShellScriptBuildPhase;
			buildActionMask = 2147483647;
			files = (
			);
			inputFileListPaths = (
			);
			inputPaths = (
				"${PODS_PODFILE_DIR_PATH}/Podfile.lock",
				"${PODS_ROOT}/Manifest.lock",
			);
			name = "[CP] Check Pods Manifest.lock";
			outputFileListPaths = (
			);
			outputPaths = (
				"$(DERIVED_FILE_DIR)/Pods-WeatherAppTests-checkManifestLockResult.txt",
			);
			runOnlyForDeploymentPostprocessing = 0;
			shellPath = /bin/sh;
			shellScript = "diff \"${PODS_PODFILE_DIR_PATH}/Podfile.lock\" \"${PODS_ROOT}/Manifest.lock\" > /dev/null\nif [ $? != 0 ] ; then\n    # print error to STDERR\n    echo \"error: The sandbox is not in sync with the Podfile.lock. Run 'pod install' or update your CocoaPods installation.\" >&2\n    exit 1\nfi\n# This output is used by Xcode 'outputs' to avoid re-running this script phase.\necho \"SUCCESS\" > \"${SCRIPT_OUTPUT_FILE_0}\"\n";
			showEnvVarsInLog = 0;
		};
		68FD4D9890C514E46D81E7A4 /* [CP] Embed Pods Frameworks */ = {
			isa = PBXShellScriptBuildPhase;
			buildActionMask = 2147483647;
			files = (
			);
			inputFileListPaths = (
				"${PODS_ROOT}/Target Support Files/Pods-WeatherApp/Pods-WeatherApp-frameworks-${CONFIGURATION}-input-files.xcfilelist",
			);
			name = "[CP] Embed Pods Frameworks";
			outputFileListPaths = (
				"${PODS_ROOT}/Target Support Files/Pods-WeatherApp/Pods-WeatherApp-frameworks-${CONFIGURATION}-output-files.xcfilelist",
			);
			runOnlyForDeploymentPostprocessing = 0;
			shellPath = /bin/sh;
			shellScript = "\"${PODS_ROOT}/Target Support Files/Pods-WeatherApp/Pods-WeatherApp-frameworks.sh\"\n";
			showEnvVarsInLog = 0;
		};
		70C0FF02D1564ED3325F93A9 /* [CP] Check Pods Manifest.lock */ = {
			isa = PBXShellScriptBuildPhase;
			buildActionMask = 2147483647;
			files = (
			);
			inputFileListPaths = (
			);
			inputPaths = (
				"${PODS_PODFILE_DIR_PATH}/Podfile.lock",
				"${PODS_ROOT}/Manifest.lock",
			);
			name = "[CP] Check Pods Manifest.lock";
			outputFileListPaths = (
			);
			outputPaths = (
				"$(DERIVED_FILE_DIR)/Pods-WeatherApp-checkManifestLockResult.txt",
			);
			runOnlyForDeploymentPostprocessing = 0;
			shellPath = /bin/sh;
			shellScript = "diff \"${PODS_PODFILE_DIR_PATH}/Podfile.lock\" \"${PODS_ROOT}/Manifest.lock\" > /dev/null\nif [ $? != 0 ] ; then\n    # print error to STDERR\n    echo \"error: The sandbox is not in sync with the Podfile.lock. Run 'pod install' or update your CocoaPods installation.\" >&2\n    exit 1\nfi\n# This output is used by Xcode 'outputs' to avoid re-running this script phase.\necho \"SUCCESS\" > \"${SCRIPT_OUTPUT_FILE_0}\"\n";
			showEnvVarsInLog = 0;
		};
		A4E840DAA6F8B8747826FD9D /* [CP] Embed Pods Frameworks */ = {
			isa = PBXShellScriptBuildPhase;
			buildActionMask = 2147483647;
			files = (
			);
			inputFileListPaths = (
				"${PODS_ROOT}/Target Support Files/Pods-WeatherApp-WeatherAppUITests/Pods-WeatherApp-WeatherAppUITests-frameworks-${CONFIGURATION}-input-files.xcfilelist",
			);
			name = "[CP] Embed Pods Frameworks";
			outputFileListPaths = (
				"${PODS_ROOT}/Target Support Files/Pods-WeatherApp-WeatherAppUITests/Pods-WeatherApp-WeatherAppUITests-frameworks-${CONFIGURATION}-output-files.xcfilelist",
			);
			runOnlyForDeploymentPostprocessing = 0;
			shellPath = /bin/sh;
			shellScript = "\"${PODS_ROOT}/Target Support Files/Pods-WeatherApp-WeatherAppUITests/Pods-WeatherApp-WeatherAppUITests-frameworks.sh\"\n";
			showEnvVarsInLog = 0;
		};
		E0057BA1851962BFF70F678C /* [CP] Check Pods Manifest.lock */ = {
			isa = PBXShellScriptBuildPhase;
			buildActionMask = 2147483647;
			files = (
			);
			inputFileListPaths = (
			);
			inputPaths = (
				"${PODS_PODFILE_DIR_PATH}/Podfile.lock",
				"${PODS_ROOT}/Manifest.lock",
			);
			name = "[CP] Check Pods Manifest.lock";
			outputFileListPaths = (
			);
			outputPaths = (
				"$(DERIVED_FILE_DIR)/Pods-WeatherApp-WeatherAppUITests-checkManifestLockResult.txt",
			);
			runOnlyForDeploymentPostprocessing = 0;
			shellPath = /bin/sh;
			shellScript = "diff \"${PODS_PODFILE_DIR_PATH}/Podfile.lock\" \"${PODS_ROOT}/Manifest.lock\" > /dev/null\nif [ $? != 0 ] ; then\n    # print error to STDERR\n    echo \"error: The sandbox is not in sync with the Podfile.lock. Run 'pod install' or update your CocoaPods installation.\" >&2\n    exit 1\nfi\n# This output is used by Xcode 'outputs' to avoid re-running this script phase.\necho \"SUCCESS\" > \"${SCRIPT_OUTPUT_FILE_0}\"\n";
			showEnvVarsInLog = 0;
		};
/* End PBXShellScriptBuildPhase section */

/* Begin PBXSourcesBuildPhase section */
		0A5AFDF92867381700DA18BE /* Sources */ = {
			isa = PBXSourcesBuildPhase;
			buildActionMask = 2147483647;
			files = (
				0A6A1E7328792054003BB4A0 /* APIResponse.swift in Sources */,
				0A7EAE892883C6140087C4F5 /* CustomColors.swift in Sources */,
				0A6A1E6E28791FDC003BB4A0 /* Extensions.swift in Sources */,
				0A7EAE872883C5B20087C4F5 /* WeekWeatherTableViewCell.swift in Sources */,
				0A5AFE012867381700DA18BE /* AppDelegate.swift in Sources */,
				0A5AFE032867381700DA18BE /* SceneDelegate.swift in Sources */,
				0A6A1E65287823BD003BB4A0 /* MainViewController.swift in Sources */,
				0A6A1E77287920A5003BB4A0 /* WeatherForecastModel.swift in Sources */,
				0A7EAE8B2883C6640087C4F5 /* WeekWeather.swift in Sources */,
				0A6A1E7128792025003BB4A0 /* APIRequest.swift in Sources */,
				0A7EAE852883C5AD0087C4F5 /* DayWeatherCollectionViewCell.swift in Sources */,
				0ADC500E28800D9200B89518 /* MainViewModel.swift in Sources */,
				0A6A1E7528792069003BB4A0 /* RegionalDataModel.swift in Sources */,
				0A7EAE832883C5920087C4F5 /* RegionWeatherViewController.swift in Sources */,
				0A6A1E6B28782930003BB4A0 /* MainCollectionViewCell.swift in Sources */,
				0ADC5006287D360700B89518 /* SearchTableViewCell.swift in Sources */,
			);
			runOnlyForDeploymentPostprocessing = 0;
		};
		0A5AFE0F2867381800DA18BE /* Sources */ = {
			isa = PBXSourcesBuildPhase;
			buildActionMask = 2147483647;
			files = (
				0A5AFE182867381800DA18BE /* WeatherAppTests.swift in Sources */,
			);
			runOnlyForDeploymentPostprocessing = 0;
		};
		0A5AFE192867381800DA18BE /* Sources */ = {
			isa = PBXSourcesBuildPhase;
			buildActionMask = 2147483647;
			files = (
				0A5AFE222867381800DA18BE /* WeatherAppUITests.swift in Sources */,
				0A5AFE242867381800DA18BE /* WeatherAppUITestsLaunchTests.swift in Sources */,
			);
			runOnlyForDeploymentPostprocessing = 0;
		};
/* End PBXSourcesBuildPhase section */

/* Begin PBXTargetDependency section */
		0A5AFE152867381800DA18BE /* PBXTargetDependency */ = {
			isa = PBXTargetDependency;
			target = 0A5AFDFC2867381700DA18BE /* WeatherApp */;
			targetProxy = 0A5AFE142867381800DA18BE /* PBXContainerItemProxy */;
		};
		0A5AFE1F2867381800DA18BE /* PBXTargetDependency */ = {
			isa = PBXTargetDependency;
			target = 0A5AFDFC2867381700DA18BE /* WeatherApp */;
			targetProxy = 0A5AFE1E2867381800DA18BE /* PBXContainerItemProxy */;
		};
/* End PBXTargetDependency section */

/* Begin PBXVariantGroup section */
		0A5AFE0B2867381800DA18BE /* LaunchScreen.storyboard */ = {
			isa = PBXVariantGroup;
			children = (
				0A5AFE0C2867381800DA18BE /* Base */,
			);
			name = LaunchScreen.storyboard;
			sourceTree = "<group>";
		};
/* End PBXVariantGroup section */

/* Begin XCBuildConfiguration section */
		0A5AFE252867381800DA18BE /* Debug */ = {
			isa = XCBuildConfiguration;
			buildSettings = {
				ALWAYS_SEARCH_USER_PATHS = NO;
				CLANG_ANALYZER_NONNULL = YES;
				CLANG_ANALYZER_NUMBER_OBJECT_CONVERSION = YES_AGGRESSIVE;
				CLANG_CXX_LANGUAGE_STANDARD = "gnu++17";
				CLANG_ENABLE_MODULES = YES;
				CLANG_ENABLE_OBJC_ARC = YES;
				CLANG_ENABLE_OBJC_WEAK = YES;
				CLANG_WARN_BLOCK_CAPTURE_AUTORELEASING = YES;
				CLANG_WARN_BOOL_CONVERSION = YES;
				CLANG_WARN_COMMA = YES;
				CLANG_WARN_CONSTANT_CONVERSION = YES;
				CLANG_WARN_DEPRECATED_OBJC_IMPLEMENTATIONS = YES;
				CLANG_WARN_DIRECT_OBJC_ISA_USAGE = YES_ERROR;
				CLANG_WARN_DOCUMENTATION_COMMENTS = YES;
				CLANG_WARN_EMPTY_BODY = YES;
				CLANG_WARN_ENUM_CONVERSION = YES;
				CLANG_WARN_INFINITE_RECURSION = YES;
				CLANG_WARN_INT_CONVERSION = YES;
				CLANG_WARN_NON_LITERAL_NULL_CONVERSION = YES;
				CLANG_WARN_OBJC_IMPLICIT_RETAIN_SELF = YES;
				CLANG_WARN_OBJC_LITERAL_CONVERSION = YES;
				CLANG_WARN_OBJC_ROOT_CLASS = YES_ERROR;
				CLANG_WARN_QUOTED_INCLUDE_IN_FRAMEWORK_HEADER = YES;
				CLANG_WARN_RANGE_LOOP_ANALYSIS = YES;
				CLANG_WARN_STRICT_PROTOTYPES = YES;
				CLANG_WARN_SUSPICIOUS_MOVE = YES;
				CLANG_WARN_UNGUARDED_AVAILABILITY = YES_AGGRESSIVE;
				CLANG_WARN_UNREACHABLE_CODE = YES;
				CLANG_WARN__DUPLICATE_METHOD_MATCH = YES;
				COPY_PHASE_STRIP = NO;
				DEBUG_INFORMATION_FORMAT = dwarf;
				ENABLE_STRICT_OBJC_MSGSEND = YES;
				ENABLE_TESTABILITY = YES;
				GCC_C_LANGUAGE_STANDARD = gnu11;
				GCC_DYNAMIC_NO_PIC = NO;
				GCC_NO_COMMON_BLOCKS = YES;
				GCC_OPTIMIZATION_LEVEL = 0;
				GCC_PREPROCESSOR_DEFINITIONS = (
					"DEBUG=1",
					"$(inherited)",
				);
				GCC_WARN_64_TO_32_BIT_CONVERSION = YES;
				GCC_WARN_ABOUT_RETURN_TYPE = YES_ERROR;
				GCC_WARN_UNDECLARED_SELECTOR = YES;
				GCC_WARN_UNINITIALIZED_AUTOS = YES_AGGRESSIVE;
				GCC_WARN_UNUSED_FUNCTION = YES;
				GCC_WARN_UNUSED_VARIABLE = YES;
				IPHONEOS_DEPLOYMENT_TARGET = 14.0;
				MTL_ENABLE_DEBUG_INFO = INCLUDE_SOURCE;
				MTL_FAST_MATH = YES;
				ONLY_ACTIVE_ARCH = YES;
				SDKROOT = iphoneos;
				SWIFT_ACTIVE_COMPILATION_CONDITIONS = DEBUG;
				SWIFT_OPTIMIZATION_LEVEL = "-Onone";
			};
			name = Debug;
		};
		0A5AFE262867381800DA18BE /* Release */ = {
			isa = XCBuildConfiguration;
			buildSettings = {
				ALWAYS_SEARCH_USER_PATHS = NO;
				CLANG_ANALYZER_NONNULL = YES;
				CLANG_ANALYZER_NUMBER_OBJECT_CONVERSION = YES_AGGRESSIVE;
				CLANG_CXX_LANGUAGE_STANDARD = "gnu++17";
				CLANG_ENABLE_MODULES = YES;
				CLANG_ENABLE_OBJC_ARC = YES;
				CLANG_ENABLE_OBJC_WEAK = YES;
				CLANG_WARN_BLOCK_CAPTURE_AUTORELEASING = YES;
				CLANG_WARN_BOOL_CONVERSION = YES;
				CLANG_WARN_COMMA = YES;
				CLANG_WARN_CONSTANT_CONVERSION = YES;
				CLANG_WARN_DEPRECATED_OBJC_IMPLEMENTATIONS = YES;
				CLANG_WARN_DIRECT_OBJC_ISA_USAGE = YES_ERROR;
				CLANG_WARN_DOCUMENTATION_COMMENTS = YES;
				CLANG_WARN_EMPTY_BODY = YES;
				CLANG_WARN_ENUM_CONVERSION = YES;
				CLANG_WARN_INFINITE_RECURSION = YES;
				CLANG_WARN_INT_CONVERSION = YES;
				CLANG_WARN_NON_LITERAL_NULL_CONVERSION = YES;
				CLANG_WARN_OBJC_IMPLICIT_RETAIN_SELF = YES;
				CLANG_WARN_OBJC_LITERAL_CONVERSION = YES;
				CLANG_WARN_OBJC_ROOT_CLASS = YES_ERROR;
				CLANG_WARN_QUOTED_INCLUDE_IN_FRAMEWORK_HEADER = YES;
				CLANG_WARN_RANGE_LOOP_ANALYSIS = YES;
				CLANG_WARN_STRICT_PROTOTYPES = YES;
				CLANG_WARN_SUSPICIOUS_MOVE = YES;
				CLANG_WARN_UNGUARDED_AVAILABILITY = YES_AGGRESSIVE;
				CLANG_WARN_UNREACHABLE_CODE = YES;
				CLANG_WARN__DUPLICATE_METHOD_MATCH = YES;
				COPY_PHASE_STRIP = NO;
				DEBUG_INFORMATION_FORMAT = "dwarf-with-dsym";
				ENABLE_NS_ASSERTIONS = NO;
				ENABLE_STRICT_OBJC_MSGSEND = YES;
				GCC_C_LANGUAGE_STANDARD = gnu11;
				GCC_NO_COMMON_BLOCKS = YES;
				GCC_WARN_64_TO_32_BIT_CONVERSION = YES;
				GCC_WARN_ABOUT_RETURN_TYPE = YES_ERROR;
				GCC_WARN_UNDECLARED_SELECTOR = YES;
				GCC_WARN_UNINITIALIZED_AUTOS = YES_AGGRESSIVE;
				GCC_WARN_UNUSED_FUNCTION = YES;
				GCC_WARN_UNUSED_VARIABLE = YES;
				IPHONEOS_DEPLOYMENT_TARGET = 14.0;
				MTL_ENABLE_DEBUG_INFO = NO;
				MTL_FAST_MATH = YES;
				SDKROOT = iphoneos;
				SWIFT_COMPILATION_MODE = wholemodule;
				SWIFT_OPTIMIZATION_LEVEL = "-O";
				VALIDATE_PRODUCT = YES;
			};
			name = Release;
		};
		0A5AFE282867381800DA18BE /* Debug */ = {
			isa = XCBuildConfiguration;
			baseConfigurationReference = 2F5DBF133072CB42239C680F /* Pods-WeatherApp.debug.xcconfig */;
			buildSettings = {
				ASSETCATALOG_COMPILER_APPICON_NAME = AppIcon;
				ASSETCATALOG_COMPILER_GLOBAL_ACCENT_COLOR_NAME = AccentColor;
				CODE_SIGN_STYLE = Automatic;
				CURRENT_PROJECT_VERSION = 1;
				DEVELOPMENT_TEAM = ZNH7978JJQ;
				GENERATE_INFOPLIST_FILE = YES;
				INFOPLIST_FILE = WeatherApp/Info.plist;
				INFOPLIST_KEY_UIApplicationSupportsIndirectInputEvents = YES;
				INFOPLIST_KEY_UILaunchStoryboardName = LaunchScreen;
				INFOPLIST_KEY_UISupportedInterfaceOrientations_iPad = "UIInterfaceOrientationPortrait UIInterfaceOrientationPortraitUpsideDown UIInterfaceOrientationLandscapeLeft UIInterfaceOrientationLandscapeRight";
				INFOPLIST_KEY_UISupportedInterfaceOrientations_iPhone = "UIInterfaceOrientationPortrait UIInterfaceOrientationLandscapeLeft UIInterfaceOrientationLandscapeRight";
				LD_RUNPATH_SEARCH_PATHS = (
					"$(inherited)",
					"@executable_path/Frameworks",
				);
				MARKETING_VERSION = 1.0;
				PRODUCT_BUNDLE_IDENTIFIER = com.WeatherApp;
				PRODUCT_NAME = "$(TARGET_NAME)";
				SWIFT_EMIT_LOC_STRINGS = YES;
				SWIFT_VERSION = 5.0;
				TARGETED_DEVICE_FAMILY = "1,2";
			};
			name = Debug;
		};
		0A5AFE292867381800DA18BE /* Release */ = {
			isa = XCBuildConfiguration;
			baseConfigurationReference = 6B514253001EB4BEF992CA1F /* Pods-WeatherApp.release.xcconfig */;
			buildSettings = {
				ASSETCATALOG_COMPILER_APPICON_NAME = AppIcon;
				ASSETCATALOG_COMPILER_GLOBAL_ACCENT_COLOR_NAME = AccentColor;
				CODE_SIGN_STYLE = Automatic;
				CURRENT_PROJECT_VERSION = 1;
				DEVELOPMENT_TEAM = ZNH7978JJQ;
				GENERATE_INFOPLIST_FILE = YES;
				INFOPLIST_FILE = WeatherApp/Info.plist;
				INFOPLIST_KEY_UIApplicationSupportsIndirectInputEvents = YES;
				INFOPLIST_KEY_UILaunchStoryboardName = LaunchScreen;
				INFOPLIST_KEY_UISupportedInterfaceOrientations_iPad = "UIInterfaceOrientationPortrait UIInterfaceOrientationPortraitUpsideDown UIInterfaceOrientationLandscapeLeft UIInterfaceOrientationLandscapeRight";
				INFOPLIST_KEY_UISupportedInterfaceOrientations_iPhone = "UIInterfaceOrientationPortrait UIInterfaceOrientationLandscapeLeft UIInterfaceOrientationLandscapeRight";
				LD_RUNPATH_SEARCH_PATHS = (
					"$(inherited)",
					"@executable_path/Frameworks",
				);
				MARKETING_VERSION = 1.0;
				PRODUCT_BUNDLE_IDENTIFIER = com.WeatherApp;
				PRODUCT_NAME = "$(TARGET_NAME)";
				SWIFT_EMIT_LOC_STRINGS = YES;
				SWIFT_VERSION = 5.0;
				TARGETED_DEVICE_FAMILY = "1,2";
			};
			name = Release;
		};
		0A5AFE2B2867381800DA18BE /* Debug */ = {
			isa = XCBuildConfiguration;
			baseConfigurationReference = 78E916459E6A3F1DAFAF5D4F /* Pods-WeatherAppTests.debug.xcconfig */;
			buildSettings = {
				ALWAYS_EMBED_SWIFT_STANDARD_LIBRARIES = YES;
				BUNDLE_LOADER = "$(TEST_HOST)";
				CODE_SIGN_STYLE = Automatic;
				CURRENT_PROJECT_VERSION = 1;
				DEVELOPMENT_TEAM = ZNH7978JJQ;
				GENERATE_INFOPLIST_FILE = YES;
				IPHONEOS_DEPLOYMENT_TARGET = 15.5;
				MARKETING_VERSION = 1.0;
				PRODUCT_BUNDLE_IDENTIFIER = com.WeatherAppTests;
				PRODUCT_NAME = "$(TARGET_NAME)";
				SWIFT_EMIT_LOC_STRINGS = NO;
				SWIFT_VERSION = 5.0;
				TARGETED_DEVICE_FAMILY = "1,2";
				TEST_HOST = "$(BUILT_PRODUCTS_DIR)/WeatherApp.app/WeatherApp";
			};
			name = Debug;
		};
		0A5AFE2C2867381800DA18BE /* Release */ = {
			isa = XCBuildConfiguration;
			baseConfigurationReference = 070777F7F821FBA0011EB242 /* Pods-WeatherAppTests.release.xcconfig */;
			buildSettings = {
				ALWAYS_EMBED_SWIFT_STANDARD_LIBRARIES = YES;
				BUNDLE_LOADER = "$(TEST_HOST)";
				CODE_SIGN_STYLE = Automatic;
				CURRENT_PROJECT_VERSION = 1;
				DEVELOPMENT_TEAM = ZNH7978JJQ;
				GENERATE_INFOPLIST_FILE = YES;
				IPHONEOS_DEPLOYMENT_TARGET = 15.5;
				MARKETING_VERSION = 1.0;
				PRODUCT_BUNDLE_IDENTIFIER = com.WeatherAppTests;
				PRODUCT_NAME = "$(TARGET_NAME)";
				SWIFT_EMIT_LOC_STRINGS = NO;
				SWIFT_VERSION = 5.0;
				TARGETED_DEVICE_FAMILY = "1,2";
				TEST_HOST = "$(BUILT_PRODUCTS_DIR)/WeatherApp.app/WeatherApp";
			};
			name = Release;
		};
		0A5AFE2E2867381800DA18BE /* Debug */ = {
			isa = XCBuildConfiguration;
			baseConfigurationReference = 30DBC4AA9C96AB11BAA2D4AF /* Pods-WeatherApp-WeatherAppUITests.debug.xcconfig */;
			buildSettings = {
				ALWAYS_EMBED_SWIFT_STANDARD_LIBRARIES = YES;
				CODE_SIGN_STYLE = Automatic;
				CURRENT_PROJECT_VERSION = 1;
				DEVELOPMENT_TEAM = ZNH7978JJQ;
				GENERATE_INFOPLIST_FILE = YES;
				MARKETING_VERSION = 1.0;
				PRODUCT_BUNDLE_IDENTIFIER = com.WeatherAppUITests;
				PRODUCT_NAME = "$(TARGET_NAME)";
				SWIFT_EMIT_LOC_STRINGS = NO;
				SWIFT_VERSION = 5.0;
				TARGETED_DEVICE_FAMILY = "1,2";
				TEST_TARGET_NAME = WeatherApp;
			};
			name = Debug;
		};
		0A5AFE2F2867381800DA18BE /* Release */ = {
			isa = XCBuildConfiguration;
			baseConfigurationReference = 4EB3D0549758DE24D7EF8685 /* Pods-WeatherApp-WeatherAppUITests.release.xcconfig */;
			buildSettings = {
				ALWAYS_EMBED_SWIFT_STANDARD_LIBRARIES = YES;
				CODE_SIGN_STYLE = Automatic;
				CURRENT_PROJECT_VERSION = 1;
				DEVELOPMENT_TEAM = ZNH7978JJQ;
				GENERATE_INFOPLIST_FILE = YES;
				MARKETING_VERSION = 1.0;
				PRODUCT_BUNDLE_IDENTIFIER = com.WeatherAppUITests;
				PRODUCT_NAME = "$(TARGET_NAME)";
				SWIFT_EMIT_LOC_STRINGS = NO;
				SWIFT_VERSION = 5.0;
				TARGETED_DEVICE_FAMILY = "1,2";
				TEST_TARGET_NAME = WeatherApp;
			};
			name = Release;
		};
/* End XCBuildConfiguration section */

/* Begin XCConfigurationList section */
		0A5AFDF82867381700DA18BE /* Build configuration list for PBXProject "WeatherApp" */ = {
			isa = XCConfigurationList;
			buildConfigurations = (
				0A5AFE252867381800DA18BE /* Debug */,
				0A5AFE262867381800DA18BE /* Release */,
			);
			defaultConfigurationIsVisible = 0;
			defaultConfigurationName = Release;
		};
		0A5AFE272867381800DA18BE /* Build configuration list for PBXNativeTarget "WeatherApp" */ = {
			isa = XCConfigurationList;
			buildConfigurations = (
				0A5AFE282867381800DA18BE /* Debug */,
				0A5AFE292867381800DA18BE /* Release */,
			);
			defaultConfigurationIsVisible = 0;
			defaultConfigurationName = Release;
		};
		0A5AFE2A2867381800DA18BE /* Build configuration list for PBXNativeTarget "WeatherAppTests" */ = {
			isa = XCConfigurationList;
			buildConfigurations = (
				0A5AFE2B2867381800DA18BE /* Debug */,
				0A5AFE2C2867381800DA18BE /* Release */,
			);
			defaultConfigurationIsVisible = 0;
			defaultConfigurationName = Release;
		};
		0A5AFE2D2867381800DA18BE /* Build configuration list for PBXNativeTarget "WeatherAppUITests" */ = {
			isa = XCConfigurationList;
			buildConfigurations = (
				0A5AFE2E2867381800DA18BE /* Debug */,
				0A5AFE2F2867381800DA18BE /* Release */,
			);
			defaultConfigurationIsVisible = 0;
			defaultConfigurationName = Release;
		};
/* End XCConfigurationList section */
	};
	rootObject = 0A5AFDF52867381700DA18BE /* Project object */;
}
